
Microsoft Visual Studio Solution File, Format Version 12.00
# Visual Studio 15
VisualStudioVersion = 15.0.27703.2042
MinimumVisualStudioVersion = 10.0.40219.1
Project("{FAE04EC0-301F-11D3-BF4B-00C04F79EFBC}") = "BusCard", "BusCard\BusCard.csproj", "{F0398A9F-238E-4F1D-A6FC-497420809A75}"
EndProject
Global
	GlobalSection(SolutionConfigurationPlatforms) = preSolution
		Debug|Any CPU = Debug|Any CPU
		Release|Any CPU = Release|Any CPU
	EndGlobalSection
	GlobalSection(ProjectConfigurationPlatforms) = postSolution
		{F0398A9F-238E-4F1D-A6FC-497420809A75}.Debug|Any CPU.ActiveCfg = Debug|Any CPU
		{F0398A9F-238E-4F1D-A6FC-497420809A75}.Debug|Any CPU.Build.0 = Debug|Any CPU
		{F0398A9F-238E-4F1D-A6FC-497420809A75}.Release|Any CPU.ActiveCfg = Release|Any CPU
		{F0398A9F-238E-4F1D-A6FC-497420809A75}.Release|Any CPU.Build.0 = Release|Any CPU
	EndGlobalSection
	GlobalSection(SolutionProperties) = preSolution
		HideSolutionNode = FALSE
	EndGlobalSection
	GlobalSection(ExtensibilityGlobals) = postSolution
		SolutionGuid = {E27E8BA0-4BB3-43E6-9A19-84416D959BB1}
	EndGlobalSection
EndGlobal
